
Microsoft Visual Studio Solution File, Format Version 12.00
# Visual Studio Version 16
VisualStudioVersion = 16.0.30804.86
MinimumVisualStudioVersion = 10.0.40219.1
Project("{FAE04EC0-301F-11D3-BF4B-00C04F79EFBC}") = "Conjuntos", "Conjuntos\Conjuntos.csproj", "{007F878C-C73D-4EC0-A7ED-EB3F19F629A5}"
EndProject
Global
	GlobalSection(SolutionConfigurationPlatforms) = preSolution
		Debug|Any CPU = Debug|Any CPU
		Release|Any CPU = Release|Any CPU
	EndGlobalSection
	GlobalSection(ProjectConfigurationPlatforms) = postSolution
		{007F878C-C73D-4EC0-A7ED-EB3F19F629A5}.Debug|Any CPU.ActiveCfg = Debug|Any CPU
		{007F878C-C73D-4EC0-A7ED-EB3F19F629A5}.Debug|Any CPU.Build.0 = Debug|Any CPU
		{007F878C-C73D-4EC0-A7ED-EB3F19F629A5}.Release|Any CPU.ActiveCfg = Release|Any CPU
		{007F878C-C73D-4EC0-A7ED-EB3F19F629A5}.Release|Any CPU.Build.0 = Release|Any CPU
	EndGlobalSection
	GlobalSection(SolutionProperties) = preSolution
		HideSolutionNode = FALSE
	EndGlobalSection
	GlobalSection(ExtensibilityGlobals) = postSolution
		SolutionGuid = {18DEA605-57BC-4C18-ABE3-0B27605E9A6F}
	EndGlobalSection
EndGlobal
