
Microsoft Visual Studio Solution File, Format Version 12.00
# Visual Studio Version 16
VisualStudioVersion = 16.0.30804.86
MinimumVisualStudioVersion = 10.0.40219.1
Project("{FAE04EC0-301F-11D3-BF4B-00C04F79EFBC}") = "SalarioFuncionario", "SalarioFuncionario\SalarioFuncionario.csproj", "{985B14BB-A811-479B-A929-DAB6E12CB361}"
EndProject
Global
	GlobalSection(SolutionConfigurationPlatforms) = preSolution
		Debug|Any CPU = Debug|Any CPU
		Release|Any CPU = Release|Any CPU
	EndGlobalSection
	GlobalSection(ProjectConfigurationPlatforms) = postSolution
		{985B14BB-A811-479B-A929-DAB6E12CB361}.Debug|Any CPU.ActiveCfg = Debug|Any CPU
		{985B14BB-A811-479B-A929-DAB6E12CB361}.Debug|Any CPU.Build.0 = Debug|Any CPU
		{985B14BB-A811-479B-A929-DAB6E12CB361}.Release|Any CPU.ActiveCfg = Release|Any CPU
		{985B14BB-A811-479B-A929-DAB6E12CB361}.Release|Any CPU.Build.0 = Release|Any CPU
	EndGlobalSection
	GlobalSection(SolutionProperties) = preSolution
		HideSolutionNode = FALSE
	EndGlobalSection
	GlobalSection(ExtensibilityGlobals) = postSolution
		SolutionGuid = {2114C468-6DC4-48A4-946D-FF85031DBC4D}
	EndGlobalSection
EndGlobal
