
Microsoft Visual Studio Solution File, Format Version 12.00
# Visual Studio Version 16
VisualStudioVersion = 16.0.30804.86
MinimumVisualStudioVersion = 10.0.40219.1
Project("{FAE04EC0-301F-11D3-BF4B-00C04F79EFBC}") = "Exe04", "Exe04\Exe04.csproj", "{AC6E0A1E-6B49-47BF-8B21-1803FB570E23}"
EndProject
Global
	GlobalSection(SolutionConfigurationPlatforms) = preSolution
		Debug|Any CPU = Debug|Any CPU
		Release|Any CPU = Release|Any CPU
	EndGlobalSection
	GlobalSection(ProjectConfigurationPlatforms) = postSolution
		{AC6E0A1E-6B49-47BF-8B21-1803FB570E23}.Debug|Any CPU.ActiveCfg = Debug|Any CPU
		{AC6E0A1E-6B49-47BF-8B21-1803FB570E23}.Debug|Any CPU.Build.0 = Debug|Any CPU
		{AC6E0A1E-6B49-47BF-8B21-1803FB570E23}.Release|Any CPU.ActiveCfg = Release|Any CPU
		{AC6E0A1E-6B49-47BF-8B21-1803FB570E23}.Release|Any CPU.Build.0 = Release|Any CPU
	EndGlobalSection
	GlobalSection(SolutionProperties) = preSolution
		HideSolutionNode = FALSE
	EndGlobalSection
	GlobalSection(ExtensibilityGlobals) = postSolution
		SolutionGuid = {89461C28-3E26-44AD-8E55-F2E341EAFE2C}
	EndGlobalSection
EndGlobal
