
Microsoft Visual Studio Solution File, Format Version 12.00
# Visual Studio Version 16
VisualStudioVersion = 16.0.30804.86
MinimumVisualStudioVersion = 10.0.40219.1
Project("{FAE04EC0-301F-11D3-BF4B-00C04F79EFBC}") = "Listas", "Listas\Listas.csproj", "{CA9C028F-5C83-4E6F-934E-B15DE58F055B}"
EndProject
Global
	GlobalSection(SolutionConfigurationPlatforms) = preSolution
		Debug|Any CPU = Debug|Any CPU
		Release|Any CPU = Release|Any CPU
	EndGlobalSection
	GlobalSection(ProjectConfigurationPlatforms) = postSolution
		{CA9C028F-5C83-4E6F-934E-B15DE58F055B}.Debug|Any CPU.ActiveCfg = Debug|Any CPU
		{CA9C028F-5C83-4E6F-934E-B15DE58F055B}.Debug|Any CPU.Build.0 = Debug|Any CPU
		{CA9C028F-5C83-4E6F-934E-B15DE58F055B}.Release|Any CPU.ActiveCfg = Release|Any CPU
		{CA9C028F-5C83-4E6F-934E-B15DE58F055B}.Release|Any CPU.Build.0 = Release|Any CPU
	EndGlobalSection
	GlobalSection(SolutionProperties) = preSolution
		HideSolutionNode = FALSE
	EndGlobalSection
	GlobalSection(ExtensibilityGlobals) = postSolution
		SolutionGuid = {363265F5-58A3-4908-B282-AA30588440CA}
	EndGlobalSection
EndGlobal
