
Microsoft Visual Studio Solution File, Format Version 12.00
# Visual Studio Version 16
VisualStudioVersion = 16.0.30804.86
MinimumVisualStudioVersion = 10.0.40219.1
Project("{FAE04EC0-301F-11D3-BF4B-00C04F79EFBC}") = "CotacaoDolar", "CotacaoDolar\CotacaoDolar.csproj", "{033E9F49-EF82-40A7-97C4-79838B716165}"
EndProject
Global
	GlobalSection(SolutionConfigurationPlatforms) = preSolution
		Debug|Any CPU = Debug|Any CPU
		Release|Any CPU = Release|Any CPU
	EndGlobalSection
	GlobalSection(ProjectConfigurationPlatforms) = postSolution
		{033E9F49-EF82-40A7-97C4-79838B716165}.Debug|Any CPU.ActiveCfg = Debug|Any CPU
		{033E9F49-EF82-40A7-97C4-79838B716165}.Debug|Any CPU.Build.0 = Debug|Any CPU
		{033E9F49-EF82-40A7-97C4-79838B716165}.Release|Any CPU.ActiveCfg = Release|Any CPU
		{033E9F49-EF82-40A7-97C4-79838B716165}.Release|Any CPU.Build.0 = Release|Any CPU
	EndGlobalSection
	GlobalSection(SolutionProperties) = preSolution
		HideSolutionNode = FALSE
	EndGlobalSection
	GlobalSection(ExtensibilityGlobals) = postSolution
		SolutionGuid = {4663B635-F6C5-4338-BED2-8C6F1DF788BD}
	EndGlobalSection
EndGlobal
