
Microsoft Visual Studio Solution File, Format Version 12.00
# Visual Studio Version 16
VisualStudioVersion = 16.0.30804.86
MinimumVisualStudioVersion = 10.0.40219.1
Project("{9A19103F-16F7-4668-BE54-9A1E7A4F7556}") = "Trabalhador", "Worker\Trabalhador.csproj", "{8F1394B2-CB71-4C70-8390-0D79E746A837}"
EndProject
Global
	GlobalSection(SolutionConfigurationPlatforms) = preSolution
		Debug|Any CPU = Debug|Any CPU
		Release|Any CPU = Release|Any CPU
	EndGlobalSection
	GlobalSection(ProjectConfigurationPlatforms) = postSolution
		{8F1394B2-CB71-4C70-8390-0D79E746A837}.Debug|Any CPU.ActiveCfg = Debug|Any CPU
		{8F1394B2-CB71-4C70-8390-0D79E746A837}.Debug|Any CPU.Build.0 = Debug|Any CPU
		{8F1394B2-CB71-4C70-8390-0D79E746A837}.Release|Any CPU.ActiveCfg = Release|Any CPU
		{8F1394B2-CB71-4C70-8390-0D79E746A837}.Release|Any CPU.Build.0 = Release|Any CPU
	EndGlobalSection
	GlobalSection(SolutionProperties) = preSolution
		HideSolutionNode = FALSE
	EndGlobalSection
	GlobalSection(ExtensibilityGlobals) = postSolution
		SolutionGuid = {9B6D7152-4A89-4ED5-88D9-D81107C0AF23}
	EndGlobalSection
EndGlobal
