
Microsoft Visual Studio Solution File, Format Version 12.00
# Visual Studio Version 16
VisualStudioVersion = 16.0.30804.86
MinimumVisualStudioVersion = 10.0.40219.1
Project("{FAE04EC0-301F-11D3-BF4B-00C04F79EFBC}") = "Exe02", "Exe02\Exe02.csproj", "{8E19C718-879A-4F83-A17D-4888B64E931C}"
EndProject
Global
	GlobalSection(SolutionConfigurationPlatforms) = preSolution
		Debug|Any CPU = Debug|Any CPU
		Release|Any CPU = Release|Any CPU
	EndGlobalSection
	GlobalSection(ProjectConfigurationPlatforms) = postSolution
		{8E19C718-879A-4F83-A17D-4888B64E931C}.Debug|Any CPU.ActiveCfg = Debug|Any CPU
		{8E19C718-879A-4F83-A17D-4888B64E931C}.Debug|Any CPU.Build.0 = Debug|Any CPU
		{8E19C718-879A-4F83-A17D-4888B64E931C}.Release|Any CPU.ActiveCfg = Release|Any CPU
		{8E19C718-879A-4F83-A17D-4888B64E931C}.Release|Any CPU.Build.0 = Release|Any CPU
	EndGlobalSection
	GlobalSection(SolutionProperties) = preSolution
		HideSolutionNode = FALSE
	EndGlobalSection
	GlobalSection(ExtensibilityGlobals) = postSolution
		SolutionGuid = {C0DEB1DD-0049-4DE6-9DAD-2BEB62623021}
	EndGlobalSection
EndGlobal
