
Microsoft Visual Studio Solution File, Format Version 12.00
# Visual Studio Version 16
VisualStudioVersion = 16.0.30804.86
MinimumVisualStudioVersion = 10.0.40219.1
Project("{FAE04EC0-301F-11D3-BF4B-00C04F79EFBC}") = "EnumeracoesEnum", "EnumeracoesEnum\EnumeracoesEnum.csproj", "{66E1DCEE-578D-4491-B89D-E7EDC707B0E8}"
EndProject
Global
	GlobalSection(SolutionConfigurationPlatforms) = preSolution
		Debug|Any CPU = Debug|Any CPU
		Release|Any CPU = Release|Any CPU
	EndGlobalSection
	GlobalSection(ProjectConfigurationPlatforms) = postSolution
		{66E1DCEE-578D-4491-B89D-E7EDC707B0E8}.Debug|Any CPU.ActiveCfg = Debug|Any CPU
		{66E1DCEE-578D-4491-B89D-E7EDC707B0E8}.Debug|Any CPU.Build.0 = Debug|Any CPU
		{66E1DCEE-578D-4491-B89D-E7EDC707B0E8}.Release|Any CPU.ActiveCfg = Release|Any CPU
		{66E1DCEE-578D-4491-B89D-E7EDC707B0E8}.Release|Any CPU.Build.0 = Release|Any CPU
	EndGlobalSection
	GlobalSection(SolutionProperties) = preSolution
		HideSolutionNode = FALSE
	EndGlobalSection
	GlobalSection(ExtensibilityGlobals) = postSolution
		SolutionGuid = {9FB680C2-EAD1-420B-9FBD-788272583CD9}
	EndGlobalSection
EndGlobal
