
Microsoft Visual Studio Solution File, Format Version 12.00
# Visual Studio Version 16
VisualStudioVersion = 16.0.30804.86
MinimumVisualStudioVersion = 10.0.40219.1
Project("{FAE04EC0-301F-11D3-BF4B-00C04F79EFBC}") = "SaidaDados", "SaidaDados\SaidaDados.csproj", "{ECC8F898-135E-4AB1-9C9C-FFF0AEC57841}"
EndProject
Global
	GlobalSection(SolutionConfigurationPlatforms) = preSolution
		Debug|Any CPU = Debug|Any CPU
		Release|Any CPU = Release|Any CPU
	EndGlobalSection
	GlobalSection(ProjectConfigurationPlatforms) = postSolution
		{ECC8F898-135E-4AB1-9C9C-FFF0AEC57841}.Debug|Any CPU.ActiveCfg = Debug|Any CPU
		{ECC8F898-135E-4AB1-9C9C-FFF0AEC57841}.Debug|Any CPU.Build.0 = Debug|Any CPU
		{ECC8F898-135E-4AB1-9C9C-FFF0AEC57841}.Release|Any CPU.ActiveCfg = Release|Any CPU
		{ECC8F898-135E-4AB1-9C9C-FFF0AEC57841}.Release|Any CPU.Build.0 = Release|Any CPU
	EndGlobalSection
	GlobalSection(SolutionProperties) = preSolution
		HideSolutionNode = FALSE
	EndGlobalSection
	GlobalSection(ExtensibilityGlobals) = postSolution
		SolutionGuid = {52A89424-E537-4CFB-A99E-94443BC797E8}
	EndGlobalSection
EndGlobal
